
Microsoft Visual Studio Solution File, Format Version 12.00
# Visual Studio Version 16
VisualStudioVersion = 16.0.30011.22
MinimumVisualStudioVersion = 10.0.40219.1
Project("{FAE04EC0-301F-11D3-BF4B-00C04F79EFBC}") = "MigrateItemMaster", "MigrateItemMaster.csproj", "{86445DAD-98EE-4215-A703-E531323467FD}"
EndProject
Global
	GlobalSection(SolutionConfigurationPlatforms) = preSolution
		Debug|Any CPU = Debug|Any CPU
		Release|Any CPU = Release|Any CPU
	EndGlobalSection
	GlobalSection(ProjectConfigurationPlatforms) = postSolution
		{86445DAD-98EE-4215-A703-E531323467FD}.Debug|Any CPU.ActiveCfg = Debug|Any CPU
		{86445DAD-98EE-4215-A703-E531323467FD}.Debug|Any CPU.Build.0 = Debug|Any CPU
		{86445DAD-98EE-4215-A703-E531323467FD}.Release|Any CPU.ActiveCfg = Release|Any CPU
		{86445DAD-98EE-4215-A703-E531323467FD}.Release|Any CPU.Build.0 = Release|Any CPU
	EndGlobalSection
	GlobalSection(SolutionProperties) = preSolution
		HideSolutionNode = FALSE
	EndGlobalSection
	GlobalSection(ExtensibilityGlobals) = postSolution
		SolutionGuid = {FA632D56-A344-4542-B413-3A6F2910571C}
	EndGlobalSection
EndGlobal
